
Microsoft Visual Studio Solution File, Format Version 12.00
# Visual Studio Version 16
VisualStudioVersion = 16.0.29728.190
MinimumVisualStudioVersion = 10.0.40219.1
Project("{2150E333-8FDC-42A3-9474-1A3956D46DE8}") = "Solution Items", "Solution Items", "{4BB8B377-A989-41E3-B7C9-A36F91928666}"
	ProjectSection(SolutionItems) = preProject
		.editorconfig = .editorconfig
	EndProjectSection
EndProject
Project("{2150E333-8FDC-42A3-9474-1A3956D46DE8}") = "PresentationLayer", "PresentationLayer", "{6043AE7E-4AD3-4774-9B9E-FCC5C0428B04}"
EndProject
Project("{2150E333-8FDC-42A3-9474-1A3956D46DE8}") = "BusinessLayer", "BusinessLayer", "{FAE724CC-81E7-4CE4-B8E3-31AF983374BF}"
EndProject
Project("{2150E333-8FDC-42A3-9474-1A3956D46DE8}") = "CommonLayer", "CommonLayer", "{3E098861-BA2C-46AE-A62F-FEAD84222B8B}"
EndProject
Project("{2150E333-8FDC-42A3-9474-1A3956D46DE8}") = "PersistenceLayer", "PersistenceLayer", "{A554B16D-2F18-4478-9A40-AF5D511A648A}"
EndProject
Project("{FAE04EC0-301F-11D3-BF4B-00C04F79EFBC}") = "HealthIQ.BusinessLayer.Base", "HealthIQ.BusinessLayer.Base\HealthIQ.BusinessLayer.Base.csproj", "{AC7FB333-9949-42D1-A64A-75C9B5349617}"
EndProject
Project("{FAE04EC0-301F-11D3-BF4B-00C04F79EFBC}") = "HealthIQ.BusinessLayer.ServiceImpl", "HealthIQ.BusinessLayer.ServiceImpl\HealthIQ.BusinessLayer.ServiceImpl.csproj", "{C7699E0F-9757-4BDE-BA3A-848DFBDF7CC2}"
EndProject
Project("{FAE04EC0-301F-11D3-BF4B-00C04F79EFBC}") = "HealthIQ.BusinessLayer.Services", "HealthIQ.BusinessLayer.Services\HealthIQ.BusinessLayer.Services.csproj", "{97342150-013C-491B-B296-4214AFAD37B3}"
EndProject
Project("{FAE04EC0-301F-11D3-BF4B-00C04F79EFBC}") = "HealthIQ.CommonLayer.Aspects", "HealthIQ.CommonLayer.Aspects\HealthIQ.CommonLayer.Aspects.csproj", "{6BE56F1B-C58C-483D-9729-E86D82ACD144}"
EndProject
Project("{FAE04EC0-301F-11D3-BF4B-00C04F79EFBC}") = "HealthIQ.CommonLayer.AuditLog", "HealthIQ.CommonLayer.AuditLog\HealthIQ.CommonLayer.AuditLog.csproj", "{518FD54B-A499-4650-B0D0-332F26652A78}"
EndProject
Project("{FAE04EC0-301F-11D3-BF4B-00C04F79EFBC}") = "HealthIQ.PersistenceLayer.Data", "HealthIQ.PersistenceLayer.Data\HealthIQ.PersistenceLayer.Data.csproj", "{F7EAEEC0-35D1-4412-AC38-48C8AC010A60}"
EndProject
Project("{FAE04EC0-301F-11D3-BF4B-00C04F79EFBC}") = "HealthIQ.CommonLayer.AopContainer", "HealthIQ.CommonLayer.AopContainer\HealthIQ.CommonLayer.AopContainer.csproj", "{5236B0CB-F21E-47A9-9979-48FB76A8E5CA}"
EndProject
Project("{FAE04EC0-301F-11D3-BF4B-00C04F79EFBC}") = "HealthIQ.CommonLayer.AOPRegistrations", "HealthIQ.CommonLayer.AOPRegistrations\HealthIQ.CommonLayer.AOPRegistrations.csproj", "{A4BA07CA-94DC-47F2-8820-80F6AEDDE970}"
EndProject
Project("{FAE04EC0-301F-11D3-BF4B-00C04F79EFBC}") = "HealthIQ.CommonLayer.Resources", "HealthIQ.CommonLayer.Resources\HealthIQ.CommonLayer.Resources.csproj", "{BE2EB692-F383-4E77-9B13-2C9D90142CA8}"
EndProject
Project("{FAE04EC0-301F-11D3-BF4B-00C04F79EFBC}") = "HealthIQ.PresentationLayer.AdminApp", "HealthIQ.PresentationLayer.AdminApp\HealthIQ.PresentationLayer.AdminApp.csproj", "{F5B0F6BB-9D84-4487-859D-6DC191946228}"
EndProject
Global
	GlobalSection(SolutionConfigurationPlatforms) = preSolution
		Debug|Any CPU = Debug|Any CPU
		Debug|x64 = Debug|x64
		Debug|x86 = Debug|x86
		Release|Any CPU = Release|Any CPU
		Release|x64 = Release|x64
		Release|x86 = Release|x86
	EndGlobalSection
	GlobalSection(ProjectConfigurationPlatforms) = postSolution
		{AC7FB333-9949-42D1-A64A-75C9B5349617}.Debug|Any CPU.ActiveCfg = Debug|Any CPU
		{AC7FB333-9949-42D1-A64A-75C9B5349617}.Debug|Any CPU.Build.0 = Debug|Any CPU
		{AC7FB333-9949-42D1-A64A-75C9B5349617}.Debug|x64.ActiveCfg = Debug|Any CPU
		{AC7FB333-9949-42D1-A64A-75C9B5349617}.Debug|x64.Build.0 = Debug|Any CPU
		{AC7FB333-9949-42D1-A64A-75C9B5349617}.Debug|x86.ActiveCfg = Debug|Any CPU
		{AC7FB333-9949-42D1-A64A-75C9B5349617}.Debug|x86.Build.0 = Debug|Any CPU
		{AC7FB333-9949-42D1-A64A-75C9B5349617}.Release|Any CPU.ActiveCfg = Release|Any CPU
		{AC7FB333-9949-42D1-A64A-75C9B5349617}.Release|Any CPU.Build.0 = Release|Any CPU
		{AC7FB333-9949-42D1-A64A-75C9B5349617}.Release|x64.ActiveCfg = Release|Any CPU
		{AC7FB333-9949-42D1-A64A-75C9B5349617}.Release|x64.Build.0 = Release|Any CPU
		{AC7FB333-9949-42D1-A64A-75C9B5349617}.Release|x86.ActiveCfg = Release|Any CPU
		{AC7FB333-9949-42D1-A64A-75C9B5349617}.Release|x86.Build.0 = Release|Any CPU
		{C7699E0F-9757-4BDE-BA3A-848DFBDF7CC2}.Debug|Any CPU.ActiveCfg = Debug|Any CPU
		{C7699E0F-9757-4BDE-BA3A-848DFBDF7CC2}.Debug|Any CPU.Build.0 = Debug|Any CPU
		{C7699E0F-9757-4BDE-BA3A-848DFBDF7CC2}.Debug|x64.ActiveCfg = Debug|Any CPU
		{C7699E0F-9757-4BDE-BA3A-848DFBDF7CC2}.Debug|x64.Build.0 = Debug|Any CPU
		{C7699E0F-9757-4BDE-BA3A-848DFBDF7CC2}.Debug|x86.ActiveCfg = Debug|Any CPU
		{C7699E0F-9757-4BDE-BA3A-848DFBDF7CC2}.Debug|x86.Build.0 = Debug|Any CPU
		{C7699E0F-9757-4BDE-BA3A-848DFBDF7CC2}.Release|Any CPU.ActiveCfg = Release|Any CPU
		{C7699E0F-9757-4BDE-BA3A-848DFBDF7CC2}.Release|Any CPU.Build.0 = Release|Any CPU
		{C7699E0F-9757-4BDE-BA3A-848DFBDF7CC2}.Release|x64.ActiveCfg = Release|Any CPU
		{C7699E0F-9757-4BDE-BA3A-848DFBDF7CC2}.Release|x64.Build.0 = Release|Any CPU
		{C7699E0F-9757-4BDE-BA3A-848DFBDF7CC2}.Release|x86.ActiveCfg = Release|Any CPU
		{C7699E0F-9757-4BDE-BA3A-848DFBDF7CC2}.Release|x86.Build.0 = Release|Any CPU
		{97342150-013C-491B-B296-4214AFAD37B3}.Debug|Any CPU.ActiveCfg = Debug|Any CPU
		{97342150-013C-491B-B296-4214AFAD37B3}.Debug|Any CPU.Build.0 = Debug|Any CPU
		{97342150-013C-491B-B296-4214AFAD37B3}.Debug|x64.ActiveCfg = Debug|Any CPU
		{97342150-013C-491B-B296-4214AFAD37B3}.Debug|x64.Build.0 = Debug|Any CPU
		{97342150-013C-491B-B296-4214AFAD37B3}.Debug|x86.ActiveCfg = Debug|Any CPU
		{97342150-013C-491B-B296-4214AFAD37B3}.Debug|x86.Build.0 = Debug|Any CPU
		{97342150-013C-491B-B296-4214AFAD37B3}.Release|Any CPU.ActiveCfg = Release|Any CPU
		{97342150-013C-491B-B296-4214AFAD37B3}.Release|Any CPU.Build.0 = Release|Any CPU
		{97342150-013C-491B-B296-4214AFAD37B3}.Release|x64.ActiveCfg = Release|Any CPU
		{97342150-013C-491B-B296-4214AFAD37B3}.Release|x64.Build.0 = Release|Any CPU
		{97342150-013C-491B-B296-4214AFAD37B3}.Release|x86.ActiveCfg = Release|Any CPU
		{97342150-013C-491B-B296-4214AFAD37B3}.Release|x86.Build.0 = Release|Any CPU
		{6BE56F1B-C58C-483D-9729-E86D82ACD144}.Debug|Any CPU.ActiveCfg = Debug|Any CPU
		{6BE56F1B-C58C-483D-9729-E86D82ACD144}.Debug|Any CPU.Build.0 = Debug|Any CPU
		{6BE56F1B-C58C-483D-9729-E86D82ACD144}.Debug|x64.ActiveCfg = Debug|Any CPU
		{6BE56F1B-C58C-483D-9729-E86D82ACD144}.Debug|x64.Build.0 = Debug|Any CPU
		{6BE56F1B-C58C-483D-9729-E86D82ACD144}.Debug|x86.ActiveCfg = Debug|Any CPU
		{6BE56F1B-C58C-483D-9729-E86D82ACD144}.Debug|x86.Build.0 = Debug|Any CPU
		{6BE56F1B-C58C-483D-9729-E86D82ACD144}.Release|Any CPU.ActiveCfg = Release|Any CPU
		{6BE56F1B-C58C-483D-9729-E86D82ACD144}.Release|Any CPU.Build.0 = Release|Any CPU
		{6BE56F1B-C58C-483D-9729-E86D82ACD144}.Release|x64.ActiveCfg = Release|Any CPU
		{6BE56F1B-C58C-483D-9729-E86D82ACD144}.Release|x64.Build.0 = Release|Any CPU
		{6BE56F1B-C58C-483D-9729-E86D82ACD144}.Release|x86.ActiveCfg = Release|Any CPU
		{6BE56F1B-C58C-483D-9729-E86D82ACD144}.Release|x86.Build.0 = Release|Any CPU
		{518FD54B-A499-4650-B0D0-332F26652A78}.Debug|Any CPU.ActiveCfg = Debug|Any CPU
		{518FD54B-A499-4650-B0D0-332F26652A78}.Debug|Any CPU.Build.0 = Debug|Any CPU
		{518FD54B-A499-4650-B0D0-332F26652A78}.Debug|x64.ActiveCfg = Debug|Any CPU
		{518FD54B-A499-4650-B0D0-332F26652A78}.Debug|x64.Build.0 = Debug|Any CPU
		{518FD54B-A499-4650-B0D0-332F26652A78}.Debug|x86.ActiveCfg = Debug|Any CPU
		{518FD54B-A499-4650-B0D0-332F26652A78}.Debug|x86.Build.0 = Debug|Any CPU
		{518FD54B-A499-4650-B0D0-332F26652A78}.Release|Any CPU.ActiveCfg = Release|Any CPU
		{518FD54B-A499-4650-B0D0-332F26652A78}.Release|Any CPU.Build.0 = Release|Any CPU
		{518FD54B-A499-4650-B0D0-332F26652A78}.Release|x64.ActiveCfg = Release|Any CPU
		{518FD54B-A499-4650-B0D0-332F26652A78}.Release|x64.Build.0 = Release|Any CPU
		{518FD54B-A499-4650-B0D0-332F26652A78}.Release|x86.ActiveCfg = Release|Any CPU
		{518FD54B-A499-4650-B0D0-332F26652A78}.Release|x86.Build.0 = Release|Any CPU
		{F7EAEEC0-35D1-4412-AC38-48C8AC010A60}.Debug|Any CPU.ActiveCfg = Debug|Any CPU
		{F7EAEEC0-35D1-4412-AC38-48C8AC010A60}.Debug|Any CPU.Build.0 = Debug|Any CPU
		{F7EAEEC0-35D1-4412-AC38-48C8AC010A60}.Debug|x64.ActiveCfg = Debug|Any CPU
		{F7EAEEC0-35D1-4412-AC38-48C8AC010A60}.Debug|x64.Build.0 = Debug|Any CPU
		{F7EAEEC0-35D1-4412-AC38-48C8AC010A60}.Debug|x86.ActiveCfg = Debug|Any CPU
		{F7EAEEC0-35D1-4412-AC38-48C8AC010A60}.Debug|x86.Build.0 = Debug|Any CPU
		{F7EAEEC0-35D1-4412-AC38-48C8AC010A60}.Release|Any CPU.ActiveCfg = Release|Any CPU
		{F7EAEEC0-35D1-4412-AC38-48C8AC010A60}.Release|Any CPU.Build.0 = Release|Any CPU
		{F7EAEEC0-35D1-4412-AC38-48C8AC010A60}.Release|x64.ActiveCfg = Release|Any CPU
		{F7EAEEC0-35D1-4412-AC38-48C8AC010A60}.Release|x64.Build.0 = Release|Any CPU
		{F7EAEEC0-35D1-4412-AC38-48C8AC010A60}.Release|x86.ActiveCfg = Release|Any CPU
		{F7EAEEC0-35D1-4412-AC38-48C8AC010A60}.Release|x86.Build.0 = Release|Any CPU
		{5236B0CB-F21E-47A9-9979-48FB76A8E5CA}.Debug|Any CPU.ActiveCfg = Debug|Any CPU
		{5236B0CB-F21E-47A9-9979-48FB76A8E5CA}.Debug|Any CPU.Build.0 = Debug|Any CPU
		{5236B0CB-F21E-47A9-9979-48FB76A8E5CA}.Debug|x64.ActiveCfg = Debug|Any CPU
		{5236B0CB-F21E-47A9-9979-48FB76A8E5CA}.Debug|x64.Build.0 = Debug|Any CPU
		{5236B0CB-F21E-47A9-9979-48FB76A8E5CA}.Debug|x86.ActiveCfg = Debug|Any CPU
		{5236B0CB-F21E-47A9-9979-48FB76A8E5CA}.Debug|x86.Build.0 = Debug|Any CPU
		{5236B0CB-F21E-47A9-9979-48FB76A8E5CA}.Release|Any CPU.ActiveCfg = Release|Any CPU
		{5236B0CB-F21E-47A9-9979-48FB76A8E5CA}.Release|Any CPU.Build.0 = Release|Any CPU
		{5236B0CB-F21E-47A9-9979-48FB76A8E5CA}.Release|x64.ActiveCfg = Release|Any CPU
		{5236B0CB-F21E-47A9-9979-48FB76A8E5CA}.Release|x64.Build.0 = Release|Any CPU
		{5236B0CB-F21E-47A9-9979-48FB76A8E5CA}.Release|x86.ActiveCfg = Release|Any CPU
		{5236B0CB-F21E-47A9-9979-48FB76A8E5CA}.Release|x86.Build.0 = Release|Any CPU
		{A4BA07CA-94DC-47F2-8820-80F6AEDDE970}.Debug|Any CPU.ActiveCfg = Debug|Any CPU
		{A4BA07CA-94DC-47F2-8820-80F6AEDDE970}.Debug|Any CPU.Build.0 = Debug|Any CPU
		{A4BA07CA-94DC-47F2-8820-80F6AEDDE970}.Debug|x64.ActiveCfg = Debug|Any CPU
		{A4BA07CA-94DC-47F2-8820-80F6AEDDE970}.Debug|x64.Build.0 = Debug|Any CPU
		{A4BA07CA-94DC-47F2-8820-80F6AEDDE970}.Debug|x86.ActiveCfg = Debug|Any CPU
		{A4BA07CA-94DC-47F2-8820-80F6AEDDE970}.Debug|x86.Build.0 = Debug|Any CPU
		{A4BA07CA-94DC-47F2-8820-80F6AEDDE970}.Release|Any CPU.ActiveCfg = Release|Any CPU
		{A4BA07CA-94DC-47F2-8820-80F6AEDDE970}.Release|Any CPU.Build.0 = Release|Any CPU
		{A4BA07CA-94DC-47F2-8820-80F6AEDDE970}.Release|x64.ActiveCfg = Release|Any CPU
		{A4BA07CA-94DC-47F2-8820-80F6AEDDE970}.Release|x64.Build.0 = Release|Any CPU
		{A4BA07CA-94DC-47F2-8820-80F6AEDDE970}.Release|x86.ActiveCfg = Release|Any CPU
		{A4BA07CA-94DC-47F2-8820-80F6AEDDE970}.Release|x86.Build.0 = Release|Any CPU
		{BE2EB692-F383-4E77-9B13-2C9D90142CA8}.Debug|Any CPU.ActiveCfg = Debug|Any CPU
		{BE2EB692-F383-4E77-9B13-2C9D90142CA8}.Debug|Any CPU.Build.0 = Debug|Any CPU
		{BE2EB692-F383-4E77-9B13-2C9D90142CA8}.Debug|x64.ActiveCfg = Debug|x64
		{BE2EB692-F383-4E77-9B13-2C9D90142CA8}.Debug|x64.Build.0 = Debug|x64
		{BE2EB692-F383-4E77-9B13-2C9D90142CA8}.Debug|x86.ActiveCfg = Debug|x86
		{BE2EB692-F383-4E77-9B13-2C9D90142CA8}.Debug|x86.Build.0 = Debug|x86
		{BE2EB692-F383-4E77-9B13-2C9D90142CA8}.Release|Any CPU.ActiveCfg = Release|Any CPU
		{BE2EB692-F383-4E77-9B13-2C9D90142CA8}.Release|Any CPU.Build.0 = Release|Any CPU
		{BE2EB692-F383-4E77-9B13-2C9D90142CA8}.Release|x64.ActiveCfg = Release|x64
		{BE2EB692-F383-4E77-9B13-2C9D90142CA8}.Release|x64.Build.0 = Release|x64
		{BE2EB692-F383-4E77-9B13-2C9D90142CA8}.Release|x86.ActiveCfg = Release|x86
		{BE2EB692-F383-4E77-9B13-2C9D90142CA8}.Release|x86.Build.0 = Release|x86
		{F5B0F6BB-9D84-4487-859D-6DC191946228}.Debug|Any CPU.ActiveCfg = Debug|Any CPU
		{F5B0F6BB-9D84-4487-859D-6DC191946228}.Debug|Any CPU.Build.0 = Debug|Any CPU
		{F5B0F6BB-9D84-4487-859D-6DC191946228}.Debug|x64.ActiveCfg = Debug|Any CPU
		{F5B0F6BB-9D84-4487-859D-6DC191946228}.Debug|x64.Build.0 = Debug|Any CPU
		{F5B0F6BB-9D84-4487-859D-6DC191946228}.Debug|x86.ActiveCfg = Debug|Any CPU
		{F5B0F6BB-9D84-4487-859D-6DC191946228}.Debug|x86.Build.0 = Debug|Any CPU
		{F5B0F6BB-9D84-4487-859D-6DC191946228}.Release|Any CPU.ActiveCfg = Release|Any CPU
		{F5B0F6BB-9D84-4487-859D-6DC191946228}.Release|Any CPU.Build.0 = Release|Any CPU
		{F5B0F6BB-9D84-4487-859D-6DC191946228}.Release|x64.ActiveCfg = Release|Any CPU
		{F5B0F6BB-9D84-4487-859D-6DC191946228}.Release|x64.Build.0 = Release|Any CPU
		{F5B0F6BB-9D84-4487-859D-6DC191946228}.Release|x86.ActiveCfg = Release|Any CPU
		{F5B0F6BB-9D84-4487-859D-6DC191946228}.Release|x86.Build.0 = Release|Any CPU
	EndGlobalSection
	GlobalSection(SolutionProperties) = preSolution
		HideSolutionNode = FALSE
	EndGlobalSection
	GlobalSection(NestedProjects) = preSolution
		{AC7FB333-9949-42D1-A64A-75C9B5349617} = {FAE724CC-81E7-4CE4-B8E3-31AF983374BF}
		{C7699E0F-9757-4BDE-BA3A-848DFBDF7CC2} = {FAE724CC-81E7-4CE4-B8E3-31AF983374BF}
		{97342150-013C-491B-B296-4214AFAD37B3} = {FAE724CC-81E7-4CE4-B8E3-31AF983374BF}
		{6BE56F1B-C58C-483D-9729-E86D82ACD144} = {3E098861-BA2C-46AE-A62F-FEAD84222B8B}
		{518FD54B-A499-4650-B0D0-332F26652A78} = {3E098861-BA2C-46AE-A62F-FEAD84222B8B}
		{F7EAEEC0-35D1-4412-AC38-48C8AC010A60} = {A554B16D-2F18-4478-9A40-AF5D511A648A}
		{5236B0CB-F21E-47A9-9979-48FB76A8E5CA} = {3E098861-BA2C-46AE-A62F-FEAD84222B8B}
		{A4BA07CA-94DC-47F2-8820-80F6AEDDE970} = {3E098861-BA2C-46AE-A62F-FEAD84222B8B}
		{BE2EB692-F383-4E77-9B13-2C9D90142CA8} = {3E098861-BA2C-46AE-A62F-FEAD84222B8B}
		{F5B0F6BB-9D84-4487-859D-6DC191946228} = {6043AE7E-4AD3-4774-9B9E-FCC5C0428B04}
	EndGlobalSection
	GlobalSection(ExtensibilityGlobals) = postSolution
		SolutionGuid = {E2C4286B-25E0-422B-B68A-784BE4E28E03}
	EndGlobalSection
EndGlobal
