
Microsoft Visual Studio Solution File, Format Version 12.00
# Visual Studio 15
VisualStudioVersion = 15.0.28307.539
MinimumVisualStudioVersion = 10.0.40219.1
Project("{FAE04EC0-301F-11D3-BF4B-00C04F79EFBC}") = "IqHealth.WebApi", "IqHealth.WebApi\IqHealth.WebApi.csproj", "{F5B0F6BB-9D84-4487-859D-6DC191946228}"
EndProject
Project("{FAE04EC0-301F-11D3-BF4B-00C04F79EFBC}") = "IqHealth.Data.Persistence", "IqHealth.Data.Persistence\IqHealth.Data.Persistence.csproj", "{07DBD09D-135E-41A0-A39D-7B5BE74D4F3D}"
EndProject
Global
	GlobalSection(SolutionConfigurationPlatforms) = preSolution
		Debug|Any CPU = Debug|Any CPU
		Release|Any CPU = Release|Any CPU
	EndGlobalSection
	GlobalSection(ProjectConfigurationPlatforms) = postSolution
		{F5B0F6BB-9D84-4487-859D-6DC191946228}.Debug|Any CPU.ActiveCfg = Debug|Any CPU
		{F5B0F6BB-9D84-4487-859D-6DC191946228}.Debug|Any CPU.Build.0 = Debug|Any CPU
		{F5B0F6BB-9D84-4487-859D-6DC191946228}.Release|Any CPU.ActiveCfg = Release|Any CPU
		{F5B0F6BB-9D84-4487-859D-6DC191946228}.Release|Any CPU.Build.0 = Release|Any CPU
		{07DBD09D-135E-41A0-A39D-7B5BE74D4F3D}.Debug|Any CPU.ActiveCfg = Debug|Any CPU
		{07DBD09D-135E-41A0-A39D-7B5BE74D4F3D}.Debug|Any CPU.Build.0 = Debug|Any CPU
		{07DBD09D-135E-41A0-A39D-7B5BE74D4F3D}.Release|Any CPU.ActiveCfg = Release|Any CPU
		{07DBD09D-135E-41A0-A39D-7B5BE74D4F3D}.Release|Any CPU.Build.0 = Release|Any CPU
	EndGlobalSection
	GlobalSection(SolutionProperties) = preSolution
		HideSolutionNode = FALSE
	EndGlobalSection
	GlobalSection(ExtensibilityGlobals) = postSolution
		SolutionGuid = {59347667-D0D6-448B-B7C5-AF8C0841AE3B}
	EndGlobalSection
EndGlobal
